
Microsoft Visual Studio Solution File, Format Version 12.00
# Visual Studio Version 16
VisualStudioVersion = 16.0.32002.261
MinimumVisualStudioVersion = 10.0.40219.1
Project("{8BC9CEB8-8B4A-11D0-8D11-00A0C91BC942}") = "마리오게임 1 Stage 파일읽기", "마리오게임 1 Stage 파일읽기.vcxproj", "{14117F48-9E11-4E33-8495-FEF97159CB69}"
EndProject
Global
	GlobalSection(SolutionConfigurationPlatforms) = preSolution
		Debug|x64 = Debug|x64
		Debug|x86 = Debug|x86
		Release|x64 = Release|x64
		Release|x86 = Release|x86
	EndGlobalSection
	GlobalSection(ProjectConfigurationPlatforms) = postSolution
		{14117F48-9E11-4E33-8495-FEF97159CB69}.Debug|x64.ActiveCfg = Debug|x64
		{14117F48-9E11-4E33-8495-FEF97159CB69}.Debug|x64.Build.0 = Debug|x64
		{14117F48-9E11-4E33-8495-FEF97159CB69}.Debug|x86.ActiveCfg = Debug|Win32
		{14117F48-9E11-4E33-8495-FEF97159CB69}.Debug|x86.Build.0 = Debug|Win32
		{14117F48-9E11-4E33-8495-FEF97159CB69}.Release|x64.ActiveCfg = Release|x64
		{14117F48-9E11-4E33-8495-FEF97159CB69}.Release|x64.Build.0 = Release|x64
		{14117F48-9E11-4E33-8495-FEF97159CB69}.Release|x86.ActiveCfg = Release|Win32
		{14117F48-9E11-4E33-8495-FEF97159CB69}.Release|x86.Build.0 = Release|Win32
	EndGlobalSection
	GlobalSection(SolutionProperties) = preSolution
		HideSolutionNode = FALSE
	EndGlobalSection
	GlobalSection(ExtensibilityGlobals) = postSolution
		SolutionGuid = {B3005ACC-9449-4586-B6F7-E095AF22291C}
	EndGlobalSection
EndGlobal
